
Microsoft Visual Studio Solution File, Format Version 12.00
# Visual Studio Version 16
VisualStudioVersion = 16.0.29709.97
MinimumVisualStudioVersion = 10.0.40219.1
Project("{FAE04EC0-301F-11D3-BF4B-00C04F79EFBC}") = "MethodsSofiaChumpitazi", "MethodsSofiaChumpitazi.csproj", "{575D9123-1907-4133-BBF7-F9CD3D585BC4}"
EndProject
Global
	GlobalSection(SolutionConfigurationPlatforms) = preSolution
		Debug|Any CPU = Debug|Any CPU
		Release|Any CPU = Release|Any CPU
	EndGlobalSection
	GlobalSection(ProjectConfigurationPlatforms) = postSolution
		{575D9123-1907-4133-BBF7-F9CD3D585BC4}.Debug|Any CPU.ActiveCfg = Debug|Any CPU
		{575D9123-1907-4133-BBF7-F9CD3D585BC4}.Debug|Any CPU.Build.0 = Debug|Any CPU
		{575D9123-1907-4133-BBF7-F9CD3D585BC4}.Release|Any CPU.ActiveCfg = Release|Any CPU
		{575D9123-1907-4133-BBF7-F9CD3D585BC4}.Release|Any CPU.Build.0 = Release|Any CPU
	EndGlobalSection
	GlobalSection(SolutionProperties) = preSolution
		HideSolutionNode = FALSE
	EndGlobalSection
	GlobalSection(ExtensibilityGlobals) = postSolution
		SolutionGuid = {DF8771C0-481B-437A-A277-A27787607380}
	EndGlobalSection
EndGlobal
